lockfile_version: '1'
generated_at: '2026-05-06T11:04:47.580279+00:00'
apm_version: 0.12.2
dependencies:
- repo_url: DevExpGbb/zava-agent-config
  host: github.com
  resolved_commit: 381c962b04c2dc533e6b64e8eeedfe4ab4291270
  resolved_ref: v3.0.0
  virtual_path: plugins/code-kit
  is_virtual: true
  package_type: marketplace_plugin
  deployed_files:
  - .agents/skills/panel-review
  - .github/agents/architect.agent.md
  deployed_file_hashes:
    .github/agents/architect.agent.md: sha256:de74154b914769a13b4dc594f998db0e745280f8890af1ca526f10b10d0ecc5a
  content_hash: sha256:238595a02893de05e91b7c03aa1d5a7b839edabd18a41450e52bcb33282a5804
- repo_url: DevExpGbb/zava-agent-config
  host: github.com
  resolved_commit: 381c962b04c2dc533e6b64e8eeedfe4ab4291270
  resolved_ref: v3.0.0
  virtual_path: plugins/operate-kit
  is_virtual: true
  package_type: marketplace_plugin
  deployed_files:
  - .agents/skills/incident-to-pr
  content_hash: sha256:4d2bb6d5c4666f97c8e104b6d27b42cc38e2ff42eda2fc8f0e8ac2fb64539627
- repo_url: DevExpGbb/zava-agent-config
  host: github.com
  resolved_commit: 381c962b04c2dc533e6b64e8eeedfe4ab4291270
  resolved_ref: v3.0.0
  virtual_path: plugins/release-kit
  is_virtual: true
  package_type: marketplace_plugin
  deployed_files:
  - .github/instructions/ci-cd-golden-paths.instructions.md
  deployed_file_hashes:
    .github/instructions/ci-cd-golden-paths.instructions.md: sha256:2fbe12eb300b75f8bc09ddb461c252a48c5b355c4aaf44f689d3b56b2086bb20
  content_hash: sha256:f02a087b77ed79cdc66b88f20c1e2b9f87563a486001525389d7abeedac8a5c3
- repo_url: DevExpGbb/zava-agent-config
  host: github.com
  resolved_commit: 381c962b04c2dc533e6b64e8eeedfe4ab4291270
  resolved_ref: v3.0.0
  virtual_path: plugins/secure-baseline
  is_virtual: true
  package_type: marketplace_plugin
  deployed_files:
  - .github/agents/security.agent.md
  - .github/instructions/docs-style-guide.instructions.md
  - .github/instructions/secure-coding-base.instructions.md
  deployed_file_hashes:
    .github/agents/security.agent.md: sha256:8092bef9ff98c66251754d33e9b241f4f25293578b31e258cee88124c80590c1
    .github/instructions/docs-style-guide.instructions.md: sha256:cad1b1161ef8d53e08038302b6c8cd14dbc03f75fa7ec267edf3d1f07824a739
    .github/instructions/secure-coding-base.instructions.md: sha256:f0a32226b87082a4e4cad08a070e55c177e23e0ef728329973634c84c3a81d14
  content_hash: sha256:201208ce11e387c09f8e7a1802b58c60e4a75ef9dfc6a3349a7a4cb07951b185
